
Microsoft Visual Studio Solution File, Format Version 10.00
# Visual Studio 2008
Project("{FAE04EC0-301F-11D3-BF4B-00C04F79EFBC}") = "art", "art\art.csproj", "{C69C53AF-5A34-4EE5-BB5E-D2E689FE8168}"
EndProject
Global
	GlobalSection(SolutionConfigurationPlatforms) = preSolution
		Debug|Any CPU = Debug|Any CPU
		Release|Any CPU = Release|Any CPU
	EndGlobalSection
	GlobalSection(ProjectConfigurationPlatforms) = postSolution
		{C69C53AF-5A34-4EE5-BB5E-D2E689FE8168}.Debug|Any CPU.ActiveCfg = Debug|Any CPU
		{C69C53AF-5A34-4EE5-BB5E-D2E689FE8168}.Debug|Any CPU.Build.0 = Debug|Any CPU
		{C69C53AF-5A34-4EE5-BB5E-D2E689FE8168}.Release|Any CPU.ActiveCfg = Release|Any CPU
		{C69C53AF-5A34-4EE5-BB5E-D2E689FE8168}.Release|Any CPU.Build.0 = Release|Any CPU
	EndGlobalSection
	GlobalSection(SolutionProperties) = preSolution
		HideSolutionNode = FALSE
	EndGlobalSection
EndGlobal
