
Microsoft Visual Studio Solution File, Format Version 10.00
# Visual Studio 2008
Project("{FAE04EC0-301F-11D3-BF4B-00C04F79EFBC}") = "GUi", "artGui\GUi.csproj", "{59294366-7CCD-472D-A8FD-0DFCB4AF0383}"
EndProject
Global
	GlobalSection(SolutionConfigurationPlatforms) = preSolution
		Debug|Any CPU = Debug|Any CPU
		Release|Any CPU = Release|Any CPU
		sdsd|Any CPU = sdsd|Any CPU
	EndGlobalSection
	GlobalSection(ProjectConfigurationPlatforms) = postSolution
		{59294366-7CCD-472D-A8FD-0DFCB4AF0383}.Debug|Any CPU.ActiveCfg = Debug|Any CPU
		{59294366-7CCD-472D-A8FD-0DFCB4AF0383}.Debug|Any CPU.Build.0 = Debug|Any CPU
		{59294366-7CCD-472D-A8FD-0DFCB4AF0383}.Release|Any CPU.ActiveCfg = Release|Any CPU
		{59294366-7CCD-472D-A8FD-0DFCB4AF0383}.Release|Any CPU.Build.0 = Release|Any CPU
		{59294366-7CCD-472D-A8FD-0DFCB4AF0383}.sdsd|Any CPU.ActiveCfg = sdsd|Any CPU
		{59294366-7CCD-472D-A8FD-0DFCB4AF0383}.sdsd|Any CPU.Build.0 = sdsd|Any CPU
	EndGlobalSection
	GlobalSection(SolutionProperties) = preSolution
		HideSolutionNode = FALSE
	EndGlobalSection
EndGlobal
